
Microsoft Visual Studio Solution File, Format Version 12.00
# Visual Studio Version 16
VisualStudioVersion = 16.0.30804.86
MinimumVisualStudioVersion = 10.0.40219.1
Project("{FAE04EC0-301F-11D3-BF4B-00C04F79EFBC}") = "LogComberWPF", "LogComberWPF\LogComberWPF.csproj", "{824F1662-AA93-459A-BE1A-EEAFDE8C57C8}"
EndProject
Global
	GlobalSection(SolutionConfigurationPlatforms) = preSolution
		Debug|Any CPU = Debug|Any CPU
		Release|Any CPU = Release|Any CPU
	EndGlobalSection
	GlobalSection(ProjectConfigurationPlatforms) = postSolution
		{824F1662-AA93-459A-BE1A-EEAFDE8C57C8}.Debug|Any CPU.ActiveCfg = Debug|Any CPU
		{824F1662-AA93-459A-BE1A-EEAFDE8C57C8}.Debug|Any CPU.Build.0 = Debug|Any CPU
		{824F1662-AA93-459A-BE1A-EEAFDE8C57C8}.Release|Any CPU.ActiveCfg = Release|Any CPU
		{824F1662-AA93-459A-BE1A-EEAFDE8C57C8}.Release|Any CPU.Build.0 = Release|Any CPU
	EndGlobalSection
	GlobalSection(SolutionProperties) = preSolution
		HideSolutionNode = FALSE
	EndGlobalSection
	GlobalSection(ExtensibilityGlobals) = postSolution
		SolutionGuid = {8B89F572-F728-49D2-ABF5-1A9AA6CC827E}
	EndGlobalSection
EndGlobal
